schema: '2.0'
stages:
  collect_data:
    cmd: python -m scripts.collect
    deps:
    - path: model_pipeline/data_collector.py
      hash: md5
      md5: e1846fdeadd85c7d9ee68ad74df4affd
      size: 3950
    - path: requirements.txt
      hash: md5
      md5: d138bb73ba41f5ca73e95145d90b9e32
      size: 166
    - path: scripts/collect.py
      hash: md5
      md5: ad0fb601821feacd9fabab3ce9e775f0
      size: 281
    outs:
    - path: data/data.csv
      hash: md5
      md5: aaf8b59c2000459a4da740148db08f82
      size: 64072380
    - path: data/zones.csv
      hash: md5
      md5: 3b5ed059f4ff23f0927b3373d4a67d9f
      size: 10467
  process_data:
    cmd: python -m scripts.process
    deps:
    - path: data/data.csv
      hash: md5
      md5: aaf8b59c2000459a4da740148db08f82
      size: 64072380
    - path: data/zones.csv
      hash: md5
      md5: 3b5ed059f4ff23f0927b3373d4a67d9f
      size: 10467
    - path: model_pipeline/data_processor.py
      hash: md5
      md5: 75ec3fbc25c824c6c062bcbfa744252a
      size: 5197
    - path: requirements.txt
      hash: md5
      md5: d138bb73ba41f5ca73e95145d90b9e32
      size: 166
    - path: scripts/process.py
      hash: md5
      md5: b7200b50e0b2d5a046685953bf438d57
      size: 396
    outs:
    - path: data/test.csv
      hash: md5
      md5: 961140eb8dda26e18b43acc153bcd474
      size: 6580359
    - path: data/train.csv
      hash: md5
      md5: f5588a8ab5c85f088ac5f23427e65877
      size: 30445986
    - path: data/val.csv
      hash: md5
      md5: bf6417c4e308f33295174a4abc83d573
      size: 6580968
  train_model:
    cmd: python -m scripts.train
    deps:
    - path: data/train.csv
      hash: md5
      md5: f5588a8ab5c85f088ac5f23427e65877
      size: 30445986
    - path: data/val.csv
      hash: md5
      md5: bf6417c4e308f33295174a4abc83d573
      size: 6580968
    - path: model_pipeline/model_trainer.py
      hash: md5
      md5: 15edb67f7de03c93e504687aae04f7db
      size: 3904
    - path: requirements.txt
      hash: md5
      md5: d138bb73ba41f5ca73e95145d90b9e32
      size: 166
    - path: scripts/train.py
      hash: md5
      md5: 168c70d1f88c12de4d894eebc803f477
      size: 334
    outs:
    - path: models/xgb.json
      hash: md5
      md5: 8f6fd50732e6a53c7835bde53f2904a1
      size: 12624
  evaluate_model:
    cmd: python -m scripts.evaluate
    deps:
    - path: data/test.csv
      hash: md5
      md5: 961140eb8dda26e18b43acc153bcd474
      size: 6580359
    - path: model_pipeline/model_evaluator.py
      hash: md5
      md5: fd5b0f8d26707b90a29ec09350230ca3
      size: 2846
    - path: models/xgb.json
      hash: md5
      md5: 8f6fd50732e6a53c7835bde53f2904a1
      size: 12624
    - path: requirements.txt
      hash: md5
      md5: d138bb73ba41f5ca73e95145d90b9e32
      size: 166
    - path: scripts/evaluate.py
      hash: md5
      md5: ecfa7f8d549adce9eaf7a33fda945f87
      size: 254
