schema: '2.0'
stages:
  collect_data:
    cmd: python -m scripts.collect
    deps:
    - path: model_pipeline/data_collector.py
      hash: md5
      md5: e1846fdeadd85c7d9ee68ad74df4affd
      size: 3950
    - path: requirements.txt
      hash: md5
      md5: 281c7b6808ca34421df966670efed4e5
      size: 150
    - path: scripts/collect.py
      hash: md5
      md5: ad0fb601821feacd9fabab3ce9e775f0
      size: 281
    outs:
    - path: data/data.csv
      hash: md5
      md5: 5a4af95c77077bde060b6eede9605048
      size: 86230656
    - path: data/zones.csv
      hash: md5
      md5: 3b5ed059f4ff23f0927b3373d4a67d9f
      size: 10467
  process_data:
    cmd: python -m scripts.process
    deps:
    - path: data/data.csv
      hash: md5
      md5: 5a4af95c77077bde060b6eede9605048
      size: 86230656
    - path: data/zones.csv
      hash: md5
      md5: 3b5ed059f4ff23f0927b3373d4a67d9f
      size: 10467
    - path: model_pipeline/data_processor.py
      hash: md5
      md5: 8f893d31f56c4918c4d6a56b56b76fec
      size: 5121
    - path: requirements.txt
      hash: md5
      md5: 281c7b6808ca34421df966670efed4e5
      size: 150
    - path: scripts/process.py
      hash: md5
      md5: b7200b50e0b2d5a046685953bf438d57
      size: 396
    outs:
    - path: data/test.csv
      hash: md5
      md5: 9612b9d6581774bd524fdff7e77ada09
      size: 8800147
    - path: data/train.csv
      hash: md5
      md5: f50afea701199c148117d787d19e8b0f
      size: 41147456
    - path: data/val.csv
      hash: md5
      md5: 9abae80a5abe2b32d79fe426823f6c1c
      size: 8781892
  train_model:
    cmd: python -m scripts.train
    deps:
    - path: data/train.csv
      hash: md5
      md5: f50afea701199c148117d787d19e8b0f
      size: 41147456
    - path: data/val.csv
      hash: md5
      md5: 9abae80a5abe2b32d79fe426823f6c1c
      size: 8781892
    - path: model_pipeline/model_trainer.py
      hash: md5
      md5: 15edb67f7de03c93e504687aae04f7db
      size: 3904
    - path: requirements.txt
      hash: md5
      md5: 281c7b6808ca34421df966670efed4e5
      size: 150
    - path: scripts/train.py
      hash: md5
      md5: 168c70d1f88c12de4d894eebc803f477
      size: 334
    outs:
    - path: models/xgb.json
      hash: md5
      md5: d6ca8e2747cc864f33a33af264a3e6ba
      size: 12749
  evaluate_model:
    cmd: python -m scripts.evaluate
    deps:
    - path: data/test.csv
      hash: md5
      md5: 9612b9d6581774bd524fdff7e77ada09
      size: 8800147
    - path: model_pipeline/model_evaluator.py
      hash: md5
      md5: fd5b0f8d26707b90a29ec09350230ca3
      size: 2846
    - path: models/xgb.json
      hash: md5
      md5: d6ca8e2747cc864f33a33af264a3e6ba
      size: 12749
    - path: requirements.txt
      hash: md5
      md5: 281c7b6808ca34421df966670efed4e5
      size: 150
    - path: scripts/evaluate.py
      hash: md5
      md5: ecfa7f8d549adce9eaf7a33fda945f87
      size: 254
